<?xml version="1.0" encoding="utf-8"?>
<Project ToolsVersion="4.0" xmlns="http://schemas.microsoft.com/developer/msbuild/2003">
  <ItemGroup>
    <Filter Include="Source">
      <UniqueIdentifier>{c32f4213-2fdc-4918-99bb-01f6e3ef1a4a}</UniqueIdentifier>
    </Filter>
  </ItemGroup>
  <ItemGroup>
    <ClInclude Include="Scenes\GameSceneTest.hpp" />
    <ClInclude Include="Scenes\MenuScene.hpp" />
    <ClInclude Include="Depends\GUI\headers\Buttons.hpp" />
    <ClInclude Include="Depends\GUI\headers\component.hpp" />
    <ClInclude Include="Depends\GUI\headers\GUI.hpp" />
    <ClInclude Include="Depends\GUI\headers\Lables.hpp" />
    <ClInclude Include="Depends\GUI\headers\Scene.hpp" />
  </ItemGroup>
  <ItemGroup>
    <Media Include="Src\collision.wav" />
    <Media Include="Src\Resources\collision.wav" />
    <Media Include="Src\Resources\paddel_hit.wav" />
  </ItemGroup>
  <ItemGroup>
    <Image Include="Src\Resources\heart.png" />
    <Image Include="Src\Resources\middle-Line.png" />
  </ItemGroup>
  <ItemGroup>
    <Font Include="Src\Resources\VeraBd.ttf" />
  </ItemGroup>
  <ItemGroup>
    <ClCompile Include="Src\core.cpp" />
    <ClCompile Include="Depends\GUI\src\button.cpp" />
    <ClCompile Include="Depends\GUI\src\component.cpp" />
    <ClCompile Include="Depends\GUI\src\lable.cpp" />
  </ItemGroup>
</Project>